
Microsoft Visual Studio Solution File, Format Version 12.00
# Visual Studio Version 16
VisualStudioVersion = 16.0.31424.327
MinimumVisualStudioVersion = 10.0.40219.1
Project("{FAE04EC0-301F-11D3-BF4B-00C04F79EFBC}") = "CalculatorApp1", "CalculatorApp1\CalculatorApp1.csproj", "{93E99DDF-8E9E-46B9-941D-CEE0754B35B4}"
EndProject
Global
	GlobalSection(SolutionConfigurationPlatforms) = preSolution
		Debug|Any CPU = Debug|Any CPU
		Release|Any CPU = Release|Any CPU
	EndGlobalSection
	GlobalSection(ProjectConfigurationPlatforms) = postSolution
		{93E99DDF-8E9E-46B9-941D-CEE0754B35B4}.Debug|Any CPU.ActiveCfg = Debug|Any CPU
		{93E99DDF-8E9E-46B9-941D-CEE0754B35B4}.Debug|Any CPU.Build.0 = Debug|Any CPU
		{93E99DDF-8E9E-46B9-941D-CEE0754B35B4}.Release|Any CPU.ActiveCfg = Release|Any CPU
		{93E99DDF-8E9E-46B9-941D-CEE0754B35B4}.Release|Any CPU.Build.0 = Release|Any CPU
	EndGlobalSection
	GlobalSection(SolutionProperties) = preSolution
		HideSolutionNode = FALSE
	EndGlobalSection
	GlobalSection(ExtensibilityGlobals) = postSolution
		SolutionGuid = {B4F6DE8C-2F4B-4D5C-A5DA-3B039E9E427A}
	EndGlobalSection
EndGlobal
